// !$*UTF8*$!
{
	archiveVersion = 1;
	classes = {
	};
	objectVersion = 56;
	objects = {

/* Begin PBXBuildFile section */
		9305A68A2B858D4800487CFF /* computer.json in Resources */ = {isa = PBXBuildFile; fileRef = 9305A6892B858D4800487CFF /* computer.json */; };
		930771572B8470EF00D07CE6 /* ComputerItem.swift in Sources */ = {isa = PBXBuildFile; fileRef = 930771562B8470EF00D07CE6 /* ComputerItem.swift */; };
		930771592B84720F00D07CE6 /* ComputerView.swift in Sources */ = {isa = PBXBuildFile; fileRef = 930771582B84720F00D07CE6 /* ComputerView.swift */; };
		9307715B2B84732D00D07CE6 /* Utilities.swift in Sources */ = {isa = PBXBuildFile; fileRef = 9307715A2B84732D00D07CE6 /* Utilities.swift */; };
		9307715D2B84772000D07CE6 /* ComputerItemStore.swift in Sources */ = {isa = PBXBuildFile; fileRef = 9307715C2B84772000D07CE6 /* ComputerItemStore.swift */; };
		931787402B846E300006FB4C /* WakeOnLanApp.swift in Sources */ = {isa = PBXBuildFile; fileRef = 9317873F2B846E300006FB4C /* WakeOnLanApp.swift */; };
		931787422B846E300006FB4C /* MainView.swift in Sources */ = {isa = PBXBuildFile; fileRef = 931787412B846E300006FB4C /* MainView.swift */; };
		931787442B846E300006FB4C /* Assets.xcassets in Resources */ = {isa = PBXBuildFile; fileRef = 931787432B846E300006FB4C /* Assets.xcassets */; };
		931787472B846E300006FB4C /* Preview Assets.xcassets in Resources */ = {isa = PBXBuildFile; fileRef = 931787462B846E300006FB4C /* Preview Assets.xcassets */; };
		931787512B846EA10006FB4C /* Awake.swift in Sources */ = {isa = PBXBuildFile; fileRef = 931787502B846EA10006FB4C /* Awake.swift */; };
		931F774A2BA1107C0016439E /* WebSockets.swift in Sources */ = {isa = PBXBuildFile; fileRef = 931F77492BA1107C0016439E /* WebSockets.swift */; };
		931F774C2BA115340016439E /* SocketTests.swift in Sources */ = {isa = PBXBuildFile; fileRef = 931F774B2BA115340016439E /* SocketTests.swift */; };
		931F774F2BA127130016439E /* Starscream in Frameworks */ = {isa = PBXBuildFile; productRef = 931F774E2BA127130016439E /* Starscream */; };
		932807C52B85907D009CDE87 /* addComputer.swift in Sources */ = {isa = PBXBuildFile; fileRef = 932807C42B85907D009CDE87 /* addComputer.swift */; };
		932807C72B859121009CDE87 /* InputField.swift in Sources */ = {isa = PBXBuildFile; fileRef = 932807C62B859121009CDE87 /* InputField.swift */; };
		936C24192BA164170002AF5F /* Starscream in Frameworks */ = {isa = PBXBuildFile; productRef = 936C24182BA164170002AF5F /* Starscream */; };
		9394DC4B2B85BF3B00043B8A /* editComputer.swift in Sources */ = {isa = PBXBuildFile; fileRef = 9394DC4A2B85BF3B00043B8A /* editComputer.swift */; };
/* End PBXBuildFile section */

/* Begin PBXFileReference section */
		9305A6892B858D4800487CFF /* computer.json */ = {isa = PBXFileReference; fileEncoding = 4; lastKnownFileType = text.json; path = computer.json; sourceTree = "<group>"; };
		930771562B8470EF00D07CE6 /* ComputerItem.swift */ = {isa = PBXFileReference; lastKnownFileType = sourcecode.swift; path = ComputerItem.swift; sourceTree = "<group>"; };
		930771582B84720F00D07CE6 /* ComputerView.swift */ = {isa = PBXFileReference; lastKnownFileType = sourcecode.swift; path = ComputerView.swift; sourceTree = "<group>"; };
		9307715A2B84732D00D07CE6 /* Utilities.swift */ = {isa = PBXFileReference; lastKnownFileType = sourcecode.swift; path = Utilities.swift; sourceTree = "<group>"; };
		9307715C2B84772000D07CE6 /* ComputerItemStore.swift */ = {isa = PBXFileReference; lastKnownFileType = sourcecode.swift; path = ComputerItemStore.swift; sourceTree = "<group>"; };
		9317873C2B846E300006FB4C /* WakeOnLan.app */ = {isa = PBXFileReference; explicitFileType = wrapper.application; includeInIndex = 0; path = WakeOnLan.app; sourceTree = BUILT_PRODUCTS_DIR; };
		9317873F2B846E300006FB4C /* WakeOnLanApp.swift */ = {isa = PBXFileReference; lastKnownFileType = sourcecode.swift; path = WakeOnLanApp.swift; sourceTree = "<group>"; };
		931787412B846E300006FB4C /* MainView.swift */ = {isa = PBXFileReference; lastKnownFileType = sourcecode.swift; path = MainView.swift; sourceTree = "<group>"; };
		931787432B846E300006FB4C /* Assets.xcassets */ = {isa = PBXFileReference; lastKnownFileType = folder.assetcatalog; path = Assets.xcassets; sourceTree = "<group>"; };
		931787462B846E300006FB4C /* Preview Assets.xcassets */ = {isa = PBXFileReference; lastKnownFileType = folder.assetcatalog; path = "Preview Assets.xcassets"; sourceTree = "<group>"; };
		931787502B846EA10006FB4C /* Awake.swift */ = {isa = PBXFileReference; fileEncoding = 4; lastKnownFileType = sourcecode.swift; name = Awake.swift; path = ../../../../../../Downloads/Awake.swift; sourceTree = "<group>"; };
		931F77492BA1107C0016439E /* WebSockets.swift */ = {isa = PBXFileReference; lastKnownFileType = sourcecode.swift; path = WebSockets.swift; sourceTree = "<group>"; };
		931F774B2BA115340016439E /* SocketTests.swift */ = {isa = PBXFileReference; lastKnownFileType = sourcecode.swift; path = SocketTests.swift; sourceTree = "<group>"; };
		932807C42B85907D009CDE87 /* addComputer.swift */ = {isa = PBXFileReference; lastKnownFileType = sourcecode.swift; path = addComputer.swift; sourceTree = "<group>"; };
		932807C62B859121009CDE87 /* InputField.swift */ = {isa = PBXFileReference; lastKnownFileType = sourcecode.swift; path = InputField.swift; sourceTree = "<group>"; };
		9394DC4A2B85BF3B00043B8A /* editComputer.swift */ = {isa = PBXFileReference; lastKnownFileType = sourcecode.swift; path = editComputer.swift; sourceTree = "<group>"; };
/* End PBXFileReference section */

/* Begin PBXFrameworksBuildPhase section */
		931787392B846E300006FB4C /* Frameworks */ = {
			isa = PBXFrameworksBuildPhase;
			buildActionMask = 2147483647;
			files = (
				931F774F2BA127130016439E /* Starscream in Frameworks */,
				936C24192BA164170002AF5F /* Starscream in Frameworks */,
			);
			runOnlyForDeploymentPostprocessing = 0;
		};
/* End PBXFrameworksBuildPhase section */

/* Begin PBXGroup section */
		930771532B84701000D07CE6 /* Data */ = {
			isa = PBXGroup;
			children = (
				9305A6892B858D4800487CFF /* computer.json */,
			);
			path = Data;
			sourceTree = "<group>";
		};
		931787332B846E300006FB4C = {
			isa = PBXGroup;
			children = (
				9317873E2B846E300006FB4C /* WakeOnLan */,
				9317873D2B846E300006FB4C /* Products */,
			);
			sourceTree = "<group>";
		};
		9317873D2B846E300006FB4C /* Products */ = {
			isa = PBXGroup;
			children = (
				9317873C2B846E300006FB4C /* WakeOnLan.app */,
			);
			name = Products;
			sourceTree = "<group>";
		};
		9317873E2B846E300006FB4C /* WakeOnLan */ = {
			isa = PBXGroup;
			children = (
				9317874F2B846E940006FB4C /* Model */,
				9317874E2B846E890006FB4C /* ViewController */,
				9317874D2B846E7D0006FB4C /* Resources */,
				931787452B846E300006FB4C /* Preview Content */,
			);
			path = WakeOnLan;
			sourceTree = "<group>";
		};
		931787452B846E300006FB4C /* Preview Content */ = {
			isa = PBXGroup;
			children = (
				931787462B846E300006FB4C /* Preview Assets.xcassets */,
			);
			path = "Preview Content";
			sourceTree = "<group>";
		};
		9317874D2B846E7D0006FB4C /* Resources */ = {
			isa = PBXGroup;
			children = (
				930771532B84701000D07CE6 /* Data */,
				931787432B846E300006FB4C /* Assets.xcassets */,
				9317873F2B846E300006FB4C /* WakeOnLanApp.swift */,
				9307715A2B84732D00D07CE6 /* Utilities.swift */,
			);
			path = Resources;
			sourceTree = "<group>";
		};
		9317874E2B846E890006FB4C /* ViewController */ = {
			isa = PBXGroup;
			children = (
				931787412B846E300006FB4C /* MainView.swift */,
				930771582B84720F00D07CE6 /* ComputerView.swift */,
				932807C42B85907D009CDE87 /* addComputer.swift */,
				932807C62B859121009CDE87 /* InputField.swift */,
				9394DC4A2B85BF3B00043B8A /* editComputer.swift */,
				931F774B2BA115340016439E /* SocketTests.swift */,
			);
			path = ViewController;
			sourceTree = "<group>";
		};
		9317874F2B846E940006FB4C /* Model */ = {
			isa = PBXGroup;
			children = (
				93F2DE452B9C223500E06A25 /* Struct */,
				931787502B846EA10006FB4C /* Awake.swift */,
				9307715C2B84772000D07CE6 /* ComputerItemStore.swift */,
				931F77492BA1107C0016439E /* WebSockets.swift */,
			);
			path = Model;
			sourceTree = "<group>";
		};
		93F2DE452B9C223500E06A25 /* Struct */ = {
			isa = PBXGroup;
			children = (
				930771562B8470EF00D07CE6 /* ComputerItem.swift */,
			);
			path = Struct;
			sourceTree = "<group>";
		};
/* End PBXGroup section */

/* Begin PBXNativeTarget section */
		9317873B2B846E300006FB4C /* WakeOnLan */ = {
			isa = PBXNativeTarget;
			buildConfigurationList = 9317874A2B846E300006FB4C /* Build configuration list for PBXNativeTarget "WakeOnLan" */;
			buildPhases = (
				931787382B846E300006FB4C /* Sources */,
				931787392B846E300006FB4C /* Frameworks */,
				9317873A2B846E300006FB4C /* Resources */,
			);
			buildRules = (
			);
			dependencies = (
			);
			name = WakeOnLan;
			packageProductDependencies = (
				931F774E2BA127130016439E /* Starscream */,
				936C24182BA164170002AF5F /* Starscream */,
			);
			productName = WakeOnLan;
			productReference = 9317873C2B846E300006FB4C /* WakeOnLan.app */;
			productType = "com.apple.product-type.application";
		};
/* End PBXNativeTarget section */

/* Begin PBXProject section */
		931787342B846E300006FB4C /* Project object */ = {
			isa = PBXProject;
			attributes = {
				BuildIndependentTargetsInParallel = 1;
				LastSwiftUpdateCheck = 1500;
				LastUpgradeCheck = 1500;
				TargetAttributes = {
					9317873B2B846E300006FB4C = {
						CreatedOnToolsVersion = 15.0;
					};
				};
			};
			buildConfigurationList = 931787372B846E300006FB4C /* Build configuration list for PBXProject "WakeOnLan" */;
			compatibilityVersion = "Xcode 14.0";
			developmentRegion = en;
			hasScannedForEncodings = 0;
			knownRegions = (
				en,
				Base,
			);
			mainGroup = 931787332B846E300006FB4C;
			packageReferences = (
				931F774D2BA127130016439E /* XCRemoteSwiftPackageReference "Starscream" */,
			);
			productRefGroup = 9317873D2B846E300006FB4C /* Products */;
			projectDirPath = "";
			projectRoot = "";
			targets = (
				9317873B2B846E300006FB4C /* WakeOnLan */,
			);
		};
/* End PBXProject section */

/* Begin PBXResourcesBuildPhase section */
		9317873A2B846E300006FB4C /* Resources */ = {
			isa = PBXResourcesBuildPhase;
			buildActionMask = 2147483647;
			files = (
				9305A68A2B858D4800487CFF /* computer.json in Resources */,
				931787472B846E300006FB4C /* Preview Assets.xcassets in Resources */,
				931787442B846E300006FB4C /* Assets.xcassets in Resources */,
			);
			runOnlyForDeploymentPostprocessing = 0;
		};
/* End PBXResourcesBuildPhase section */

/* Begin PBXSourcesBuildPhase section */
		931787382B846E300006FB4C /* Sources */ = {
			isa = PBXSourcesBuildPhase;
			buildActionMask = 2147483647;
			files = (
				931787422B846E300006FB4C /* MainView.swift in Sources */,
				9307715B2B84732D00D07CE6 /* Utilities.swift in Sources */,
				931F774A2BA1107C0016439E /* WebSockets.swift in Sources */,
				932807C72B859121009CDE87 /* InputField.swift in Sources */,
				931F774C2BA115340016439E /* SocketTests.swift in Sources */,
				931787402B846E300006FB4C /* WakeOnLanApp.swift in Sources */,
				930771592B84720F00D07CE6 /* ComputerView.swift in Sources */,
				932807C52B85907D009CDE87 /* addComputer.swift in Sources */,
				9307715D2B84772000D07CE6 /* ComputerItemStore.swift in Sources */,
				930771572B8470EF00D07CE6 /* ComputerItem.swift in Sources */,
				9394DC4B2B85BF3B00043B8A /* editComputer.swift in Sources */,
				931787512B846EA10006FB4C /* Awake.swift in Sources */,
			);
			runOnlyForDeploymentPostprocessing = 0;
		};
/* End PBXSourcesBuildPhase section */

/* Begin XCBuildConfiguration section */
		931787482B846E300006FB4C /* Debug */ = {
			isa = XCBuildConfiguration;
			buildSettings = {
				ALWAYS_SEARCH_USER_PATHS = NO;
				ASSETCATALOG_COMPILER_GENERATE_SWIFT_ASSET_SYMBOL_EXTENSIONS = YES;
				CLANG_ANALYZER_NONNULL = YES;
				CLANG_ANALYZER_NUMBER_OBJECT_CONVERSION = YES_AGGRESSIVE;
				CLANG_CXX_LANGUAGE_STANDARD = "gnu++20";
				CLANG_ENABLE_MODULES = YES;
				CLANG_ENABLE_OBJC_ARC = YES;
				CLANG_ENABLE_OBJC_WEAK = YES;
				CLANG_WARN_BLOCK_CAPTURE_AUTORELEASING = YES;
				CLANG_WARN_BOOL_CONVERSION = YES;
				CLANG_WARN_COMMA = YES;
				CLANG_WARN_CONSTANT_CONVERSION = YES;
				CLANG_WARN_DEPRECATED_OBJC_IMPLEMENTATIONS = YES;
				CLANG_WARN_DIRECT_OBJC_ISA_USAGE = YES_ERROR;
				CLANG_WARN_DOCUMENTATION_COMMENTS = YES;
				CLANG_WARN_EMPTY_BODY = YES;
				CLANG_WARN_ENUM_CONVERSION = YES;
				CLANG_WARN_INFINITE_RECURSION = YES;
				CLANG_WARN_INT_CONVERSION = YES;
				CLANG_WARN_NON_LITERAL_NULL_CONVERSION = YES;
				CLANG_WARN_OBJC_IMPLICIT_RETAIN_SELF = YES;
				CLANG_WARN_OBJC_LITERAL_CONVERSION = YES;
				CLANG_WARN_OBJC_ROOT_CLASS = YES_ERROR;
				CLANG_WARN_QUOTED_INCLUDE_IN_FRAMEWORK_HEADER = YES;
				CLANG_WARN_RANGE_LOOP_ANALYSIS = YES;
				CLANG_WARN_STRICT_PROTOTYPES = YES;
				CLANG_WARN_SUSPICIOUS_MOVE = YES;
				CLANG_WARN_UNGUARDED_AVAILABILITY = YES_AGGRESSIVE;
				CLANG_WARN_UNREACHABLE_CODE = YES;
				CLANG_WARN__DUPLICATE_METHOD_MATCH = YES;
				COPY_PHASE_STRIP = NO;
				DEBUG_INFORMATION_FORMAT = dwarf;
				ENABLE_STRICT_OBJC_MSGSEND = YES;
				ENABLE_TESTABILITY = YES;
				ENABLE_USER_SCRIPT_SANDBOXING = YES;
				GCC_C_LANGUAGE_STANDARD = gnu17;
				GCC_DYNAMIC_NO_PIC = NO;
				GCC_NO_COMMON_BLOCKS = YES;
				GCC_OPTIMIZATION_LEVEL = 0;
				GCC_PREPROCESSOR_DEFINITIONS = (
					"DEBUG=1",
					"$(inherited)",
				);
				GCC_WARN_64_TO_32_BIT_CONVERSION = YES;
				GCC_WARN_ABOUT_RETURN_TYPE = YES_ERROR;
				GCC_WARN_UNDECLARED_SELECTOR = YES;
				GCC_WARN_UNINITIALIZED_AUTOS = YES_AGGRESSIVE;
				GCC_WARN_UNUSED_FUNCTION = YES;
				GCC_WARN_UNUSED_VARIABLE = YES;
				IPHONEOS_DEPLOYMENT_TARGET = 17.0;
				LOCALIZATION_PREFERS_STRING_CATALOGS = YES;
				MTL_ENABLE_DEBUG_INFO = INCLUDE_SOURCE;
				MTL_FAST_MATH = YES;
				ONLY_ACTIVE_ARCH = YES;
				SDKROOT = iphoneos;
				SWIFT_ACTIVE_COMPILATION_CONDITIONS = "DEBUG $(inherited)";
				SWIFT_OPTIMIZATION_LEVEL = "-Onone";
			};
			name = Debug;
		};
		931787492B846E300006FB4C /* Release */ = {
			isa = XCBuildConfiguration;
			buildSettings = {
				ALWAYS_SEARCH_USER_PATHS = NO;
				ASSETCATALOG_COMPILER_GENERATE_SWIFT_ASSET_SYMBOL_EXTENSIONS = YES;
				CLANG_ANALYZER_NONNULL = YES;
				CLANG_ANALYZER_NUMBER_OBJECT_CONVERSION = YES_AGGRESSIVE;
				CLANG_CXX_LANGUAGE_STANDARD = "gnu++20";
				CLANG_ENABLE_MODULES = YES;
				CLANG_ENABLE_OBJC_ARC = YES;
				CLANG_ENABLE_OBJC_WEAK = YES;
				CLANG_WARN_BLOCK_CAPTURE_AUTORELEASING = YES;
				CLANG_WARN_BOOL_CONVERSION = YES;
				CLANG_WARN_COMMA = YES;
				CLANG_WARN_CONSTANT_CONVERSION = YES;
				CLANG_WARN_DEPRECATED_OBJC_IMPLEMENTATIONS = YES;
				CLANG_WARN_DIRECT_OBJC_ISA_USAGE = YES_ERROR;
				CLANG_WARN_DOCUMENTATION_COMMENTS = YES;
				CLANG_WARN_EMPTY_BODY = YES;
				CLANG_WARN_ENUM_CONVERSION = YES;
				CLANG_WARN_INFINITE_RECURSION = YES;
				CLANG_WARN_INT_CONVERSION = YES;
				CLANG_WARN_NON_LITERAL_NULL_CONVERSION = YES;
				CLANG_WARN_OBJC_IMPLICIT_RETAIN_SELF = YES;
				CLANG_WARN_OBJC_LITERAL_CONVERSION = YES;
				CLANG_WARN_OBJC_ROOT_CLASS = YES_ERROR;
				CLANG_WARN_QUOTED_INCLUDE_IN_FRAMEWORK_HEADER = YES;
				CLANG_WARN_RANGE_LOOP_ANALYSIS = YES;
				CLANG_WARN_STRICT_PROTOTYPES = YES;
				CLANG_WARN_SUSPICIOUS_MOVE = YES;
				CLANG_WARN_UNGUARDED_AVAILABILITY = YES_AGGRESSIVE;
				CLANG_WARN_UNREACHABLE_CODE = YES;
				CLANG_WARN__DUPLICATE_METHOD_MATCH = YES;
				COPY_PHASE_STRIP = NO;
				DEBUG_INFORMATION_FORMAT = "dwarf-with-dsym";
				ENABLE_NS_ASSERTIONS = NO;
				ENABLE_STRICT_OBJC_MSGSEND = YES;
				ENABLE_USER_SCRIPT_SANDBOXING = YES;
				GCC_C_LANGUAGE_STANDARD = gnu17;
				GCC_NO_COMMON_BLOCKS = YES;
				GCC_WARN_64_TO_32_BIT_CONVERSION = YES;
				GCC_WARN_ABOUT_RETURN_TYPE = YES_ERROR;
				GCC_WARN_UNDECLARED_SELECTOR = YES;
				GCC_WARN_UNINITIALIZED_AUTOS = YES_AGGRESSIVE;
				GCC_WARN_UNUSED_FUNCTION = YES;
				GCC_WARN_UNUSED_VARIABLE = YES;
				IPHONEOS_DEPLOYMENT_TARGET = 17.0;
				LOCALIZATION_PREFERS_STRING_CATALOGS = YES;
				MTL_ENABLE_DEBUG_INFO = NO;
				MTL_FAST_MATH = YES;
				SDKROOT = iphoneos;
				SWIFT_COMPILATION_MODE = wholemodule;
				VALIDATE_PRODUCT = YES;
			};
			name = Release;
		};
		9317874B2B846E300006FB4C /* Debug */ = {
			isa = XCBuildConfiguration;
			buildSettings = {
				ASSETCATALOG_COMPILER_APPICON_NAME = AppIcon;
				ASSETCATALOG_COMPILER_GLOBAL_ACCENT_COLOR_NAME = AccentColor;
				CODE_SIGN_STYLE = Automatic;
				CURRENT_PROJECT_VERSION = 1;
				DEVELOPMENT_ASSET_PATHS = "\"WakeOnLan/Preview Content\"";
				DEVELOPMENT_TEAM = B48FZGM9W2;
				ENABLE_PREVIEWS = YES;
				GENERATE_INFOPLIST_FILE = YES;
				INFOPLIST_KEY_UIApplicationSceneManifest_Generation = YES;
				INFOPLIST_KEY_UIApplicationSupportsIndirectInputEvents = YES;
				INFOPLIST_KEY_UILaunchScreen_Generation = YES;
				INFOPLIST_KEY_UISupportedInterfaceOrientations_iPad = "UIInterfaceOrientationPortrait UIInterfaceOrientationPortraitUpsideDown UIInterfaceOrientationLandscapeLeft UIInterfaceOrientationLandscapeRight";
				INFOPLIST_KEY_UISupportedInterfaceOrientations_iPhone = "UIInterfaceOrientationPortrait UIInterfaceOrientationLandscapeLeft UIInterfaceOrientationLandscapeRight";
				LD_RUNPATH_SEARCH_PATHS = (
					"$(inherited)",
					"@executable_path/Frameworks",
				);
				MARKETING_VERSION = 1.0;
				PRODUCT_BUNDLE_IDENTIFIER = cam.elkims.WakeOnLan;
				PRODUCT_NAME = "$(TARGET_NAME)";
				SWIFT_EMIT_LOC_STRINGS = YES;
				SWIFT_VERSION = 5.0;
				TARGETED_DEVICE_FAMILY = "1,2";
			};
			name = Debug;
		};
		9317874C2B846E300006FB4C /* Release */ = {
			isa = XCBuildConfiguration;
			buildSettings = {
				ASSETCATALOG_COMPILER_APPICON_NAME = AppIcon;
				ASSETCATALOG_COMPILER_GLOBAL_ACCENT_COLOR_NAME = AccentColor;
				CODE_SIGN_STYLE = Automatic;
				CURRENT_PROJECT_VERSION = 1;
				DEVELOPMENT_ASSET_PATHS = "\"WakeOnLan/Preview Content\"";
				DEVELOPMENT_TEAM = B48FZGM9W2;
				ENABLE_PREVIEWS = YES;
				GENERATE_INFOPLIST_FILE = YES;
				INFOPLIST_KEY_UIApplicationSceneManifest_Generation = YES;
				INFOPLIST_KEY_UIApplicationSupportsIndirectInputEvents = YES;
				INFOPLIST_KEY_UILaunchScreen_Generation = YES;
				INFOPLIST_KEY_UISupportedInterfaceOrientations_iPad = "UIInterfaceOrientationPortrait UIInterfaceOrientationPortraitUpsideDown UIInterfaceOrientationLandscapeLeft UIInterfaceOrientationLandscapeRight";
				INFOPLIST_KEY_UISupportedInterfaceOrientations_iPhone = "UIInterfaceOrientationPortrait UIInterfaceOrientationLandscapeLeft UIInterfaceOrientationLandscapeRight";
				LD_RUNPATH_SEARCH_PATHS = (
					"$(inherited)",
					"@executable_path/Frameworks",
				);
				MARKETING_VERSION = 1.0;
				PRODUCT_BUNDLE_IDENTIFIER = cam.elkims.WakeOnLan;
				PRODUCT_NAME = "$(TARGET_NAME)";
				SWIFT_EMIT_LOC_STRINGS = YES;
				SWIFT_VERSION = 5.0;
				TARGETED_DEVICE_FAMILY = "1,2";
			};
			name = Release;
		};
/* End XCBuildConfiguration section */

/* Begin XCConfigurationList section */
		931787372B846E300006FB4C /* Build configuration list for PBXProject "WakeOnLan" */ = {
			isa = XCConfigurationList;
			buildConfigurations = (
				931787482B846E300006FB4C /* Debug */,
				931787492B846E300006FB4C /* Release */,
			);
			defaultConfigurationIsVisible = 0;
			defaultConfigurationName = Release;
		};
		9317874A2B846E300006FB4C /* Build configuration list for PBXNativeTarget "WakeOnLan" */ = {
			isa = XCConfigurationList;
			buildConfigurations = (
				9317874B2B846E300006FB4C /* Debug */,
				9317874C2B846E300006FB4C /* Release */,
			);
			defaultConfigurationIsVisible = 0;
			defaultConfigurationName = Release;
		};
/* End XCConfigurationList section */

/* Begin XCRemoteSwiftPackageReference section */
		931F774D2BA127130016439E /* XCRemoteSwiftPackageReference "Starscream" */ = {
			isa = XCRemoteSwiftPackageReference;
			repositoryURL = "https://github.com/daltoniam/Starscream.git";
			requirement = {
				kind = upToNextMajorVersion;
				minimumVersion = 4.0.8;
			};
		};
/* End XCRemoteSwiftPackageReference section */

/* Begin XCSwiftPackageProductDependency section */
		931F774E2BA127130016439E /* Starscream */ = {
			isa = XCSwiftPackageProductDependency;
			package = 931F774D2BA127130016439E /* XCRemoteSwiftPackageReference "Starscream" */;
			productName = Starscream;
		};
		936C24182BA164170002AF5F /* Starscream */ = {
			isa = XCSwiftPackageProductDependency;
			productName = Starscream;
		};
/* End XCSwiftPackageProductDependency section */
	};
	rootObject = 931787342B846E300006FB4C /* Project object */;
}
